
Microsoft Visual Studio Solution File, Format Version 12.00
# Visual Studio Version 16
VisualStudioVersion = 16.0.29911.84
MinimumVisualStudioVersion = 10.0.40219.1
Project("{FAE04EC0-301F-11D3-BF4B-00C04F79EFBC}") = "day01", "day01\day01.csproj", "{6F8161AB-CF5F-4B2A-B792-24DE0A57B883}"
EndProject
Global
	GlobalSection(SolutionConfigurationPlatforms) = preSolution
		Debug|Any CPU = Debug|Any CPU
		Release|Any CPU = Release|Any CPU
	EndGlobalSection
	GlobalSection(ProjectConfigurationPlatforms) = postSolution
		{6F8161AB-CF5F-4B2A-B792-24DE0A57B883}.Debug|Any CPU.ActiveCfg = Debug|Any CPU
		{6F8161AB-CF5F-4B2A-B792-24DE0A57B883}.Debug|Any CPU.Build.0 = Debug|Any CPU
		{6F8161AB-CF5F-4B2A-B792-24DE0A57B883}.Release|Any CPU.ActiveCfg = Release|Any CPU
		{6F8161AB-CF5F-4B2A-B792-24DE0A57B883}.Release|Any CPU.Build.0 = Release|Any CPU
	EndGlobalSection
	GlobalSection(SolutionProperties) = preSolution
		HideSolutionNode = FALSE
	EndGlobalSection
	GlobalSection(ExtensibilityGlobals) = postSolution
		SolutionGuid = {284F6CDC-4DF6-4C61-A90A-7F1CE018525D}
	EndGlobalSection
EndGlobal
